<?xml version="1.0" encoding="utf-8"?>
<Project ToolsVersion="4.0" xmlns="http://schemas.microsoft.com/developer/msbuild/2003">
  <ItemGroup>
    <Filter Include="Source Files">
      <UniqueIdentifier>{4FC737F1-C7A5-4376-A066-2A32D752A2FF}</UniqueIdentifier>
      <Extensions>cpp;c;cc;cxx;def;odl;idl;hpj;bat;asm;asmx</Extensions>
    </Filter>
  </ItemGroup>
  <ItemGroup>
    <ClInclude Include="vector.h">
      <Filter>Source Files</Filter>
    </ClInclude>
    <ClInclude Include="ring_buffer.h">
      <Filter>Source Files</Filter>
    </ClInclude>
    <ClInclude Include="intrinsics.h">
      <Filter>Source Files</Filter>
    </ClInclude>
    <ClInclude Include="bmp.h">
      <Filter>Source Files</Filter>
    </ClInclude>
    <ClInclude Include="matrix.h">
      <Filter>Source Files</Filter>
    </ClInclude>
    <ClInclude Include="cube.h">
      <Filter>Source Files</Filter>
    </ClInclude>
    <ClInclude Include="3d.cpp">
      <Filter>Source Files</Filter>
    </ClInclude>
    <ClInclude Include="geometry.h">
      <Filter>Source Files</Filter>
    </ClInclude>
    <ClInclude Include="wglext.h">
      <Filter>Source Files</Filter>
    </ClInclude>
    <ClInclude Include="glcorearb.h">
      <Filter>Source Files</Filter>
    </ClInclude>
    <ClInclude Include="KHR\khrplatform.h">
      <Filter>Source Files</Filter>
    </ClInclude>
    <ClInclude Include="common.h" />
    <ClInclude Include="types.h">
      <Filter>Source Files</Filter>
    </ClInclude>
  </ItemGroup>
  <ItemGroup>
    <ClCompile Include="main.cpp">
      <Filter>Source Files</Filter>
    </ClCompile>
    <ClCompile Include="renderer.cpp">
      <Filter>Source Files</Filter>
    </ClCompile>
    <ClCompile Include="gl.cpp">
      <Filter>Source Files</Filter>
    </ClCompile>
    <ClCompile Include="martins_opengl.cpp">
      <Filter>Source Files</Filter>
    </ClCompile>
  </ItemGroup>
</Project>